
Microsoft Visual Studio Solution File, Format Version 12.00
# Visual Studio Version 16
VisualStudioVersion = 16.0.29926.136
MinimumVisualStudioVersion = 10.0.40219.1
Project("{FAE04EC0-301F-11D3-BF4B-00C04F79EFBC}") = "BikeSiteTests", "BikeSiteTests\BikeSiteTests.csproj", "{D3A1DBB5-9560-4ECB-8683-84A6A39563A1}"
EndProject
Global
	GlobalSection(SolutionConfigurationPlatforms) = preSolution
		Debug|Any CPU = Debug|Any CPU
		Release|Any CPU = Release|Any CPU
	EndGlobalSection
	GlobalSection(ProjectConfigurationPlatforms) = postSolution
		{D3A1DBB5-9560-4ECB-8683-84A6A39563A1}.Debug|Any CPU.ActiveCfg = Debug|Any CPU
		{D3A1DBB5-9560-4ECB-8683-84A6A39563A1}.Debug|Any CPU.Build.0 = Debug|Any CPU
		{D3A1DBB5-9560-4ECB-8683-84A6A39563A1}.Release|Any CPU.ActiveCfg = Release|Any CPU
		{D3A1DBB5-9560-4ECB-8683-84A6A39563A1}.Release|Any CPU.Build.0 = Release|Any CPU
	EndGlobalSection
	GlobalSection(SolutionProperties) = preSolution
		HideSolutionNode = FALSE
	EndGlobalSection
	GlobalSection(ExtensibilityGlobals) = postSolution
		SolutionGuid = {8A9EB2E2-2CB9-4981-9295-20F5B4A316CE}
	EndGlobalSection
EndGlobal
